
Microsoft Visual Studio Solution File, Format Version 12.00
# Visual Studio Version 17
VisualStudioVersion = 17.14.36915.13 d17.14
MinimumVisualStudioVersion = 10.0.40219.1
Project("{FAE04EC0-301F-11D3-BF4B-00C04F79EFBC}") = "LibraryManagementSystem", "LibraryManagementSystem\LibraryManagementSystem.csproj", "{B1B0E706-B685-4119-BE34-B4926EB2E654}"
EndProject
Global
	GlobalSection(SolutionConfigurationPlatforms) = preSolution
		Debug|Any CPU = Debug|Any CPU
		Release|Any CPU = Release|Any CPU
	EndGlobalSection
	GlobalSection(ProjectConfigurationPlatforms) = postSolution
		{B1B0E706-B685-4119-BE34-B4926EB2E654}.Debug|Any CPU.ActiveCfg = Debug|Any CPU
		{B1B0E706-B685-4119-BE34-B4926EB2E654}.Debug|Any CPU.Build.0 = Debug|Any CPU
		{B1B0E706-B685-4119-BE34-B4926EB2E654}.Release|Any CPU.ActiveCfg = Release|Any CPU
		{B1B0E706-B685-4119-BE34-B4926EB2E654}.Release|Any CPU.Build.0 = Release|Any CPU
	EndGlobalSection
	GlobalSection(SolutionProperties) = preSolution
		HideSolutionNode = FALSE
	EndGlobalSection
	GlobalSection(ExtensibilityGlobals) = postSolution
		SolutionGuid = {DD6DFAC9-A5D0-4D3D-BD10-733E61584A86}
	EndGlobalSection
EndGlobal
